<?xml version="1.0" encoding="utf-8"?>
<Project ToolsVersion="4.0" xmlns="http://schemas.microsoft.com/developer/msbuild/2003">
  <ItemGroup>
    <Filter Include="Source Files">
      <UniqueIdentifier>{4FC737F1-C7A5-4376-A066-2A32D752A2FF}</UniqueIdentifier>
      <Extensions>cpp;c;cc;cxx;def;odl;idl;hpj;bat;asm;asmx</Extensions>
    </Filter>
    <Filter Include="Header Files">
      <UniqueIdentifier>{93995380-89BD-4b04-88EB-625FBE52EBFB}</UniqueIdentifier>
      <Extensions>h;hh;hpp;hxx;hm;inl;inc;xsd</Extensions>
    </Filter>
    <Filter Include="Resource Files">
      <UniqueIdentifier>{67DA6AB6-F800-4c08-8B7A-83BB121AAD01}</UniqueIdentifier>
      <Extensions>rc;ico;cur;bmp;dlg;rc2;rct;bin;rgs;gif;jpg;jpeg;jpe;resx;tiff;tif;png;wav;mfcribbon-ms</Extensions>
    </Filter>
    <Filter Include="Matlab Files">
      <UniqueIdentifier>{87918dda-1392-4893-897d-3df1af9cc341}</UniqueIdentifier>
    </Filter>
  </ItemGroup>
  <ItemGroup>
    <ClInclude Include="SimulationWrapper.h">
      <Filter>Header Files</Filter>
    </ClInclude>
    <ClInclude Include="communicationhelper.h">
      <Filter>Header Files</Filter>
    </ClInclude>
    <ClInclude Include="MatlabParams.h">
      <Filter>Header Files</Filter>
    </ClInclude>
    <ClInclude Include="MatlabProgressLogger.h">
      <Filter>Header Files</Filter>
    </ClInclude>
    <ClInclude Include="MatlabStateLogger.h">
      <Filter>Header Files</Filter>
    </ClInclude>
  </ItemGroup>
  <ItemGroup>
    <None Include="matstochsim.def">
      <Filter>Source Files</Filter>
    </None>
    <None Include="stochSimulation.m">
      <Filter>Matlab Files</Filter>
    </None>
    <None Include="stochState.m">
      <Filter>Matlab Files</Filter>
    </None>
    <None Include="batchinfect.m">
      <Filter>Matlab Files</Filter>
    </None>
    <None Include="stochComposedState.m">
      <Filter>Matlab Files</Filter>
    </None>
    <None Include="stochDelayReaction.m">
      <Filter>Matlab Files</Filter>
    </None>
    <None Include="stochParseModel.m">
      <Filter>Matlab Files</Filter>
    </None>
    <None Include="stochPropensityReaction.m">
      <Filter>Matlab Files</Filter>
    </None>
    <None Include="stochTimerReaction.m">
      <Filter>Matlab Files</Filter>
    </None>
    <None Include="install.m">
      <Filter>Matlab Files</Filter>
    </None>
  </ItemGroup>
  <ItemGroup>
    <ClCompile Include="matstochsim.cpp">
      <Filter>Source Files</Filter>
    </ClCompile>
    <ClCompile Include="SimulationWrapper.cpp">
      <Filter>Source Files</Filter>
    </ClCompile>
    <ClCompile Include="MatlabProgressLogger.cpp">
      <Filter>Source Files</Filter>
    </ClCompile>
    <ClCompile Include="MatlabStateLogger.cpp">
      <Filter>Source Files</Filter>
    </ClCompile>
  </ItemGroup>
</Project>