<?xml version="1.0" encoding="utf-8"?>
<Project ToolsVersion="4.0" xmlns="http://schemas.microsoft.com/developer/msbuild/2003">
  <ItemGroup>
    <Filter Include="Source Files">
      <UniqueIdentifier>{4FC737F1-C7A5-4376-A066-2A32D752A2FF}</UniqueIdentifier>
      <Extensions>cpp;c;cc;cxx;def;odl;idl;hpj;bat;asm;asmx</Extensions>
    </Filter>
    <Filter Include="Header Files">
      <UniqueIdentifier>{93995380-89BD-4b04-88EB-625FBE52EBFB}</UniqueIdentifier>
      <Extensions>h;hh;hpp;hxx;hm;inl;inc;xsd</Extensions>
    </Filter>
    <Filter Include="Resource Files">
      <UniqueIdentifier>{67DA6AB6-F800-4c08-8B7A-83BB121AAD01}</UniqueIdentifier>
      <Extensions>rc;ico;cur;bmp;dlg;rc2;rct;bin;rgs;gif;jpg;jpeg;jpe;resx;tiff;tif;png;wav;mfcribbon-ms</Extensions>
    </Filter>
    <Filter Include="Grammar">
      <UniqueIdentifier>{97e3330b-6c7d-40a7-95b5-49e0b60b42f5}</UniqueIdentifier>
    </Filter>
    <Filter Include="Header Files\expression">
      <UniqueIdentifier>{68ef66ea-bab1-426a-916e-828b29d95c43}</UniqueIdentifier>
    </Filter>
    <Filter Include="Header Files\cmdl">
      <UniqueIdentifier>{65b4fcd2-4968-46d7-94f0-0bdd81d87b56}</UniqueIdentifier>
    </Filter>
    <Filter Include="Source Files\cmdl">
      <UniqueIdentifier>{f1b41c44-cd1a-4176-bc76-e5697e1c2660}</UniqueIdentifier>
    </Filter>
    <Filter Include="Grammar\cmdl">
      <UniqueIdentifier>{3160cfeb-e6ad-4065-9973-566ce2827062}</UniqueIdentifier>
    </Filter>
  </ItemGroup>
  <ItemGroup>
    <ClInclude Include="Simulation.h">
      <Filter>Header Files</Filter>
    </ClInclude>
    <ClInclude Include="CustomLogger.h">
      <Filter>Header Files</Filter>
    </ClInclude>
    <ClInclude Include="ProgressLogger.h">
      <Filter>Header Files</Filter>
    </ClInclude>
    <ClInclude Include="StateLogger.h">
      <Filter>Header Files</Filter>
    </ClInclude>
    <ClInclude Include="ComposedState.h">
      <Filter>Header Files</Filter>
    </ClInclude>
    <ClInclude Include="State.h">
      <Filter>Header Files</Filter>
    </ClInclude>
    <ClInclude Include="CircularBuffer.h">
      <Filter>Header Files</Filter>
    </ClInclude>
    <ClInclude Include="PropensityReaction.h">
      <Filter>Header Files</Filter>
    </ClInclude>
    <ClInclude Include="DelayReaction.h">
      <Filter>Header Files</Filter>
    </ClInclude>
    <ClInclude Include="ComposedStateLogger.h">
      <Filter>Header Files</Filter>
    </ClInclude>
    <ClInclude Include="TimerReaction.h">
      <Filter>Header Files</Filter>
    </ClInclude>
    <ClInclude Include="ReactionRate.h">
      <Filter>Header Files</Filter>
    </ClInclude>
    <ClInclude Include="Choice.h">
      <Filter>Header Files</Filter>
    </ClInclude>
    <ClInclude Include="expression\comparison_expression.h">
      <Filter>Header Files\expression</Filter>
    </ClInclude>
    <ClInclude Include="expression\conditional_expression.h">
      <Filter>Header Files\expression</Filter>
    </ClInclude>
    <ClInclude Include="expression\exponentiation_expression.h">
      <Filter>Header Files\expression</Filter>
    </ClInclude>
    <ClInclude Include="expression\expression.h">
      <Filter>Header Files\expression</Filter>
    </ClInclude>
    <ClInclude Include="expression\logical_expression.h">
      <Filter>Header Files\expression</Filter>
    </ClInclude>
    <ClInclude Include="expression\number_expression.h">
      <Filter>Header Files\expression</Filter>
    </ClInclude>
    <ClInclude Include="expression\product_expression.h">
      <Filter>Header Files\expression</Filter>
    </ClInclude>
    <ClInclude Include="expression\sum_expression.h">
      <Filter>Header Files\expression</Filter>
    </ClInclude>
    <ClInclude Include="expression\variable_expression.h">
      <Filter>Header Files\expression</Filter>
    </ClInclude>
    <ClInclude Include="stochsim.h">
      <Filter>Header Files</Filter>
    </ClInclude>
    <ClInclude Include="cmdl\parser.h">
      <Filter>Header Files\cmdl</Filter>
    </ClInclude>
    <ClInclude Include="cmdl\parse_tree.h">
      <Filter>Header Files\cmdl</Filter>
    </ClInclude>
    <ClInclude Include="cmdl\symbols.h">
      <Filter>Header Files\cmdl</Filter>
    </ClInclude>
    <ClInclude Include="expression\function_expression.h">
      <Filter>Header Files\expression</Filter>
    </ClInclude>
    <ClInclude Include="cmdl\grammar.h">
      <Filter>Header Files\cmdl</Filter>
    </ClInclude>
  </ItemGroup>
  <ItemGroup>
    <ClCompile Include="Simulation.cpp">
      <Filter>Source Files</Filter>
    </ClCompile>
    <ClCompile Include="cmdl\parser.cpp">
      <Filter>Source Files\cmdl</Filter>
    </ClCompile>
    <ClCompile Include="cmdl\grammar.c">
      <Filter>Source Files\cmdl</Filter>
    </ClCompile>
  </ItemGroup>
  <ItemGroup>
    <None Include="cmdl\grammar.y">
      <Filter>Grammar\cmdl</Filter>
    </None>
  </ItemGroup>
</Project>